// !$*UTF8*$!
{
	archiveVersion = 1;
	classes = {
	};
	objectVersion = 56;
	objects = {

/* Begin PBXBuildFile section */
		E2924FBF2B027DCF006EA09F /* AppDelegate.swift in Sources */ = {isa = PBXBuildFile; fileRef = E2924FBE2B027DCF006EA09F /* AppDelegate.swift */; };
		E2924FC12B027DCF006EA09F /* SceneDelegate.swift in Sources */ = {isa = PBXBuildFile; fileRef = E2924FC02B027DCF006EA09F /* SceneDelegate.swift */; };
		E2924FC32B027DCF006EA09F /* ViewController.swift in Sources */ = {isa = PBXBuildFile; fileRef = E2924FC22B027DCF006EA09F /* ViewController.swift */; };
		E2924FC62B027DCF006EA09F /* Main.storyboard in Resources */ = {isa = PBXBuildFile; fileRef = E2924FC42B027DCF006EA09F /* Main.storyboard */; };
		E2924FC82B027DD4006EA09F /* Assets.xcassets in Resources */ = {isa = PBXBuildFile; fileRef = E2924FC72B027DD4006EA09F /* Assets.xcassets */; };
		E2924FCB2B027DD4006EA09F /* LaunchScreen.storyboard in Resources */ = {isa = PBXBuildFile; fileRef = E2924FC92B027DD4006EA09F /* LaunchScreen.storyboard */; };
		E2924FD62B027DD5006EA09F /* TouchTrackerTests.swift in Sources */ = {isa = PBXBuildFile; fileRef = E2924FD52B027DD5006EA09F /* TouchTrackerTests.swift */; };
		E2924FE02B027DD5006EA09F /* TouchTrackerUITests.swift in Sources */ = {isa = PBXBuildFile; fileRef = E2924FDF2B027DD5006EA09F /* TouchTrackerUITests.swift */; };
		E2924FE22B027DD5006EA09F /* TouchTrackerUITestsLaunchTests.swift in Sources */ = {isa = PBXBuildFile; fileRef = E2924FE12B027DD5006EA09F /* TouchTrackerUITestsLaunchTests.swift */; };
		E2924FEF2B027EEF006EA09F /* Line.swift in Sources */ = {isa = PBXBuildFile; fileRef = E2924FEE2B027EEF006EA09F /* Line.swift */; };
		E2924FF12B027FEA006EA09F /* DrawView.swift in Sources */ = {isa = PBXBuildFile; fileRef = E2924FF02B027FEA006EA09F /* DrawView.swift */; };
/* End PBXBuildFile section */

/* Begin PBXContainerItemProxy section */
		E2924FD22B027DD5006EA09F /* PBXContainerItemProxy */ = {
			isa = PBXContainerItemProxy;
			containerPortal = E2924FB32B027DCF006EA09F /* Project object */;
			proxyType = 1;
			remoteGlobalIDString = E2924FBA2B027DCF006EA09F;
			remoteInfo = TouchTracker;
		};
		E2924FDC2B027DD5006EA09F /* PBXContainerItemProxy */ = {
			isa = PBXContainerItemProxy;
			containerPortal = E2924FB32B027DCF006EA09F /* Project object */;
			proxyType = 1;
			remoteGlobalIDString = E2924FBA2B027DCF006EA09F;
			remoteInfo = TouchTracker;
		};
/* End PBXContainerItemProxy section */

/* Begin PBXFileReference section */
		E2924FBB2B027DCF006EA09F /* TouchTracker.app */ = {isa = PBXFileReference; explicitFileType = wrapper.application; includeInIndex = 0; path = TouchTracker.app; sourceTree = BUILT_PRODUCTS_DIR; };
		E2924FBE2B027DCF006EA09F /* AppDelegate.swift */ = {isa = PBXFileReference; lastKnownFileType = sourcecode.swift; path = AppDelegate.swift; sourceTree = "<group>"; };
		E2924FC02B027DCF006EA09F /* SceneDelegate.swift */ = {isa = PBXFileReference; lastKnownFileType = sourcecode.swift; path = SceneDelegate.swift; sourceTree = "<group>"; };
		E2924FC22B027DCF006EA09F /* ViewController.swift */ = {isa = PBXFileReference; lastKnownFileType = sourcecode.swift; path = ViewController.swift; sourceTree = "<group>"; };
		E2924FC52B027DCF006EA09F /* Base */ = {isa = PBXFileReference; lastKnownFileType = file.storyboard; name = Base; path = Base.lproj/Main.storyboard; sourceTree = "<group>"; };
		E2924FC72B027DD4006EA09F /* Assets.xcassets */ = {isa = PBXFileReference; lastKnownFileType = folder.assetcatalog; path = Assets.xcassets; sourceTree = "<group>"; };
		E2924FCA2B027DD4006EA09F /* Base */ = {isa = PBXFileReference; lastKnownFileType = file.storyboard; name = Base; path = Base.lproj/LaunchScreen.storyboard; sourceTree = "<group>"; };
		E2924FCC2B027DD4006EA09F /* Info.plist */ = {isa = PBXFileReference; lastKnownFileType = text.plist.xml; path = Info.plist; sourceTree = "<group>"; };
		E2924FD12B027DD5006EA09F /* TouchTrackerTests.xctest */ = {isa = PBXFileReference; explicitFileType = wrapper.cfbundle; includeInIndex = 0; path = TouchTrackerTests.xctest; sourceTree = BUILT_PRODUCTS_DIR; };
		E2924FD52B027DD5006EA09F /* TouchTrackerTests.swift */ = {isa = PBXFileReference; lastKnownFileType = sourcecode.swift; path = TouchTrackerTests.swift; sourceTree = "<group>"; };
		E2924FDB2B027DD5006EA09F /* TouchTrackerUITests.xctest */ = {isa = PBXFileReference; explicitFileType = wrapper.cfbundle; includeInIndex = 0; path = TouchTrackerUITests.xctest; sourceTree = BUILT_PRODUCTS_DIR; };
		E2924FDF2B027DD5006EA09F /* TouchTrackerUITests.swift */ = {isa = PBXFileReference; lastKnownFileType = sourcecode.swift; path = TouchTrackerUITests.swift; sourceTree = "<group>"; };
		E2924FE12B027DD5006EA09F /* TouchTrackerUITestsLaunchTests.swift */ = {isa = PBXFileReference; lastKnownFileType = sourcecode.swift; path = TouchTrackerUITestsLaunchTests.swift; sourceTree = "<group>"; };
		E2924FEE2B027EEF006EA09F /* Line.swift */ = {isa = PBXFileReference; lastKnownFileType = sourcecode.swift; path = Line.swift; sourceTree = "<group>"; };
		E2924FF02B027FEA006EA09F /* DrawView.swift */ = {isa = PBXFileReference; lastKnownFileType = sourcecode.swift; path = DrawView.swift; sourceTree = "<group>"; };
/* End PBXFileReference section */

/* Begin PBXFrameworksBuildPhase section */
		E2924FB82B027DCF006EA09F /* Frameworks */ = {
			isa = PBXFrameworksBuildPhase;
			buildActionMask = 2147483647;
			files = (
			);
			runOnlyForDeploymentPostprocessing = 0;
		};
		E2924FCE2B027DD5006EA09F /* Frameworks */ = {
			isa = PBXFrameworksBuildPhase;
			buildActionMask = 2147483647;
			files = (
			);
			runOnlyForDeploymentPostprocessing = 0;
		};
		E2924FD82B027DD5006EA09F /* Frameworks */ = {
			isa = PBXFrameworksBuildPhase;
			buildActionMask = 2147483647;
			files = (
			);
			runOnlyForDeploymentPostprocessing = 0;
		};
/* End PBXFrameworksBuildPhase section */

/* Begin PBXGroup section */
		E2924FB22B027DCF006EA09F = {
			isa = PBXGroup;
			children = (
				E2924FBD2B027DCF006EA09F /* TouchTracker */,
				E2924FD42B027DD5006EA09F /* TouchTrackerTests */,
				E2924FDE2B027DD5006EA09F /* TouchTrackerUITests */,
				E2924FBC2B027DCF006EA09F /* Products */,
			);
			sourceTree = "<group>";
		};
		E2924FBC2B027DCF006EA09F /* Products */ = {
			isa = PBXGroup;
			children = (
				E2924FBB2B027DCF006EA09F /* TouchTracker.app */,
				E2924FD12B027DD5006EA09F /* TouchTrackerTests.xctest */,
				E2924FDB2B027DD5006EA09F /* TouchTrackerUITests.xctest */,
			);
			name = Products;
			sourceTree = "<group>";
		};
		E2924FBD2B027DCF006EA09F /* TouchTracker */ = {
			isa = PBXGroup;
			children = (
				E2924FBE2B027DCF006EA09F /* AppDelegate.swift */,
				E2924FC02B027DCF006EA09F /* SceneDelegate.swift */,
				E2924FC22B027DCF006EA09F /* ViewController.swift */,
				E2924FC42B027DCF006EA09F /* Main.storyboard */,
				E2924FC72B027DD4006EA09F /* Assets.xcassets */,
				E2924FC92B027DD4006EA09F /* LaunchScreen.storyboard */,
				E2924FCC2B027DD4006EA09F /* Info.plist */,
				E2924FEE2B027EEF006EA09F /* Line.swift */,
				E2924FF02B027FEA006EA09F /* DrawView.swift */,
			);
			path = TouchTracker;
			sourceTree = "<group>";
		};
		E2924FD42B027DD5006EA09F /* TouchTrackerTests */ = {
			isa = PBXGroup;
			children = (
				E2924FD52B027DD5006EA09F /* TouchTrackerTests.swift */,
			);
			path = TouchTrackerTests;
			sourceTree = "<group>";
		};
		E2924FDE2B027DD5006EA09F /* TouchTrackerUITests */ = {
			isa = PBXGroup;
			children = (
				E2924FDF2B027DD5006EA09F /* TouchTrackerUITests.swift */,
				E2924FE12B027DD5006EA09F /* TouchTrackerUITestsLaunchTests.swift */,
			);
			path = TouchTrackerUITests;
			sourceTree = "<group>";
		};
/* End PBXGroup section */

/* Begin PBXNativeTarget section */
		E2924FBA2B027DCF006EA09F /* TouchTracker */ = {
			isa = PBXNativeTarget;
			buildConfigurationList = E2924FE52B027DD5006EA09F /* Build configuration list for PBXNativeTarget "TouchTracker" */;
			buildPhases = (
				E2924FB72B027DCF006EA09F /* Sources */,
				E2924FB82B027DCF006EA09F /* Frameworks */,
				E2924FB92B027DCF006EA09F /* Resources */,
			);
			buildRules = (
			);
			dependencies = (
			);
			name = TouchTracker;
			productName = TouchTracker;
			productReference = E2924FBB2B027DCF006EA09F /* TouchTracker.app */;
			productType = "com.apple.product-type.application";
		};
		E2924FD02B027DD5006EA09F /* TouchTrackerTests */ = {
			isa = PBXNativeTarget;
			buildConfigurationList = E2924FE82B027DD5006EA09F /* Build configuration list for PBXNativeTarget "TouchTrackerTests" */;
			buildPhases = (
				E2924FCD2B027DD5006EA09F /* Sources */,
				E2924FCE2B027DD5006EA09F /* Frameworks */,
				E2924FCF2B027DD5006EA09F /* Resources */,
			);
			buildRules = (
			);
			dependencies = (
				E2924FD32B027DD5006EA09F /* PBXTargetDependency */,
			);
			name = TouchTrackerTests;
			productName = TouchTrackerTests;
			productReference = E2924FD12B027DD5006EA09F /* TouchTrackerTests.xctest */;
			productType = "com.apple.product-type.bundle.unit-test";
		};
		E2924FDA2B027DD5006EA09F /* TouchTrackerUITests */ = {
			isa = PBXNativeTarget;
			buildConfigurationList = E2924FEB2B027DD5006EA09F /* Build configuration list for PBXNativeTarget "TouchTrackerUITests" */;
			buildPhases = (
				E2924FD72B027DD5006EA09F /* Sources */,
				E2924FD82B027DD5006EA09F /* Frameworks */,
				E2924FD92B027DD5006EA09F /* Resources */,
			);
			buildRules = (
			);
			dependencies = (
				E2924FDD2B027DD5006EA09F /* PBXTargetDependency */,
			);
			name = TouchTrackerUITests;
			productName = TouchTrackerUITests;
			productReference = E2924FDB2B027DD5006EA09F /* TouchTrackerUITests.xctest */;
			productType = "com.apple.product-type.bundle.ui-testing";
		};
/* End PBXNativeTarget section */

/* Begin PBXProject section */
		E2924FB32B027DCF006EA09F /* Project object */ = {
			isa = PBXProject;
			attributes = {
				BuildIndependentTargetsInParallel = 1;
				LastSwiftUpdateCheck = 1500;
				LastUpgradeCheck = 1500;
				TargetAttributes = {
					E2924FBA2B027DCF006EA09F = {
						CreatedOnToolsVersion = 15.0.1;
					};
					E2924FD02B027DD5006EA09F = {
						CreatedOnToolsVersion = 15.0.1;
						TestTargetID = E2924FBA2B027DCF006EA09F;
					};
					E2924FDA2B027DD5006EA09F = {
						CreatedOnToolsVersion = 15.0.1;
						TestTargetID = E2924FBA2B027DCF006EA09F;
					};
				};
			};
			buildConfigurationList = E2924FB62B027DCF006EA09F /* Build configuration list for PBXProject "TouchTracker" */;
			compatibilityVersion = "Xcode 14.0";
			developmentRegion = en;
			hasScannedForEncodings = 0;
			knownRegions = (
				en,
				Base,
			);
			mainGroup = E2924FB22B027DCF006EA09F;
			productRefGroup = E2924FBC2B027DCF006EA09F /* Products */;
			projectDirPath = "";
			projectRoot = "";
			targets = (
				E2924FBA2B027DCF006EA09F /* TouchTracker */,
				E2924FD02B027DD5006EA09F /* TouchTrackerTests */,
				E2924FDA2B027DD5006EA09F /* TouchTrackerUITests */,
			);
		};
/* End PBXProject section */

/* Begin PBXResourcesBuildPhase section */
		E2924FB92B027DCF006EA09F /* Resources */ = {
			isa = PBXResourcesBuildPhase;
			buildActionMask = 2147483647;
			files = (
				E2924FCB2B027DD4006EA09F /* LaunchScreen.storyboard in Resources */,
				E2924FC82B027DD4006EA09F /* Assets.xcassets in Resources */,
				E2924FC62B027DCF006EA09F /* Main.storyboard in Resources */,
			);
			runOnlyForDeploymentPostprocessing = 0;
		};
		E2924FCF2B027DD5006EA09F /* Resources */ = {
			isa = PBXResourcesBuildPhase;
			buildActionMask = 2147483647;
			files = (
			);
			runOnlyForDeploymentPostprocessing = 0;
		};
		E2924FD92B027DD5006EA09F /* Resources */ = {
			isa = PBXResourcesBuildPhase;
			buildActionMask = 2147483647;
			files = (
			);
			runOnlyForDeploymentPostprocessing = 0;
		};
/* End PBXResourcesBuildPhase section */

/* Begin PBXSourcesBuildPhase section */
		E2924FB72B027DCF006EA09F /* Sources */ = {
			isa = PBXSourcesBuildPhase;
			buildActionMask = 2147483647;
			files = (
				E2924FC32B027DCF006EA09F /* ViewController.swift in Sources */,
				E2924FF12B027FEA006EA09F /* DrawView.swift in Sources */,
				E2924FEF2B027EEF006EA09F /* Line.swift in Sources */,
				E2924FBF2B027DCF006EA09F /* AppDelegate.swift in Sources */,
				E2924FC12B027DCF006EA09F /* SceneDelegate.swift in Sources */,
			);
			runOnlyForDeploymentPostprocessing = 0;
		};
		E2924FCD2B027DD5006EA09F /* Sources */ = {
			isa = PBXSourcesBuildPhase;
			buildActionMask = 2147483647;
			files = (
				E2924FD62B027DD5006EA09F /* TouchTrackerTests.swift in Sources */,
			);
			runOnlyForDeploymentPostprocessing = 0;
		};
		E2924FD72B027DD5006EA09F /* Sources */ = {
			isa = PBXSourcesBuildPhase;
			buildActionMask = 2147483647;
			files = (
				E2924FE02B027DD5006EA09F /* TouchTrackerUITests.swift in Sources */,
				E2924FE22B027DD5006EA09F /* TouchTrackerUITestsLaunchTests.swift in Sources */,
			);
			runOnlyForDeploymentPostprocessing = 0;
		};
/* End PBXSourcesBuildPhase section */

/* Begin PBXTargetDependency section */
		E2924FD32B027DD5006EA09F /* PBXTargetDependency */ = {
			isa = PBXTargetDependency;
			target = E2924FBA2B027DCF006EA09F /* TouchTracker */;
			targetProxy = E2924FD22B027DD5006EA09F /* PBXContainerItemProxy */;
		};
		E2924FDD2B027DD5006EA09F /* PBXTargetDependency */ = {
			isa = PBXTargetDependency;
			target = E2924FBA2B027DCF006EA09F /* TouchTracker */;
			targetProxy = E2924FDC2B027DD5006EA09F /* PBXContainerItemProxy */;
		};
/* End PBXTargetDependency section */

/* Begin PBXVariantGroup section */
		E2924FC42B027DCF006EA09F /* Main.storyboard */ = {
			isa = PBXVariantGroup;
			children = (
				E2924FC52B027DCF006EA09F /* Base */,
			);
			name = Main.storyboard;
			sourceTree = "<group>";
		};
		E2924FC92B027DD4006EA09F /* LaunchScreen.storyboard */ = {
			isa = PBXVariantGroup;
			children = (
				E2924FCA2B027DD4006EA09F /* Base */,
			);
			name = LaunchScreen.storyboard;
			sourceTree = "<group>";
		};
/* End PBXVariantGroup section */

/* Begin XCBuildConfiguration section */
		E2924FE32B027DD5006EA09F /* Debug */ = {
			isa = XCBuildConfiguration;
			buildSettings = {
				ALWAYS_SEARCH_USER_PATHS = NO;
				ASSETCATALOG_COMPILER_GENERATE_SWIFT_ASSET_SYMBOL_EXTENSIONS = YES;
				CLANG_ANALYZER_NONNULL = YES;
				CLANG_ANALYZER_NUMBER_OBJECT_CONVERSION = YES_AGGRESSIVE;
				CLANG_CXX_LANGUAGE_STANDARD = "gnu++20";
				CLANG_ENABLE_MODULES = YES;
				CLANG_ENABLE_OBJC_ARC = YES;
				CLANG_ENABLE_OBJC_WEAK = YES;
				CLANG_WARN_BLOCK_CAPTURE_AUTORELEASING = YES;
				CLANG_WARN_BOOL_CONVERSION = YES;
				CLANG_WARN_COMMA = YES;
				CLANG_WARN_CONSTANT_CONVERSION = YES;
				CLANG_WARN_DEPRECATED_OBJC_IMPLEMENTATIONS = YES;
				CLANG_WARN_DIRECT_OBJC_ISA_USAGE = YES_ERROR;
				CLANG_WARN_DOCUMENTATION_COMMENTS = YES;
				CLANG_WARN_EMPTY_BODY = YES;
				CLANG_WARN_ENUM_CONVERSION = YES;
				CLANG_WARN_INFINITE_RECURSION = YES;
				CLANG_WARN_INT_CONVERSION = YES;
				CLANG_WARN_NON_LITERAL_NULL_CONVERSION = YES;
				CLANG_WARN_OBJC_IMPLICIT_RETAIN_SELF = YES;
				CLANG_WARN_OBJC_LITERAL_CONVERSION = YES;
				CLANG_WARN_OBJC_ROOT_CLASS = YES_ERROR;
				CLANG_WARN_QUOTED_INCLUDE_IN_FRAMEWORK_HEADER = YES;
				CLANG_WARN_RANGE_LOOP_ANALYSIS = YES;
				CLANG_WARN_STRICT_PROTOTYPES = YES;
				CLANG_WARN_SUSPICIOUS_MOVE = YES;
				CLANG_WARN_UNGUARDED_AVAILABILITY = YES_AGGRESSIVE;
				CLANG_WARN_UNREACHABLE_CODE = YES;
				CLANG_WARN__DUPLICATE_METHOD_MATCH = YES;
				COPY_PHASE_STRIP = NO;
				DEBUG_INFORMATION_FORMAT = dwarf;
				ENABLE_STRICT_OBJC_MSGSEND = YES;
				ENABLE_TESTABILITY = YES;
				ENABLE_USER_SCRIPT_SANDBOXING = YES;
				GCC_C_LANGUAGE_STANDARD = gnu17;
				GCC_DYNAMIC_NO_PIC = NO;
				GCC_NO_COMMON_BLOCKS = YES;
				GCC_OPTIMIZATION_LEVEL = 0;
				GCC_PREPROCESSOR_DEFINITIONS = (
					"DEBUG=1",
					"$(inherited)",
				);
				GCC_WARN_64_TO_32_BIT_CONVERSION = YES;
				GCC_WARN_ABOUT_RETURN_TYPE = YES_ERROR;
				GCC_WARN_UNDECLARED_SELECTOR = YES;
				GCC_WARN_UNINITIALIZED_AUTOS = YES_AGGRESSIVE;
				GCC_WARN_UNUSED_FUNCTION = YES;
				GCC_WARN_UNUSED_VARIABLE = YES;
				IPHONEOS_DEPLOYMENT_TARGET = 17.0;
				LOCALIZATION_PREFERS_STRING_CATALOGS = YES;
				MTL_ENABLE_DEBUG_INFO = INCLUDE_SOURCE;
				MTL_FAST_MATH = YES;
				ONLY_ACTIVE_ARCH = YES;
				SDKROOT = iphoneos;
				SWIFT_ACTIVE_COMPILATION_CONDITIONS = "DEBUG $(inherited)";
				SWIFT_OPTIMIZATION_LEVEL = "-Onone";
			};
			name = Debug;
		};
		E2924FE42B027DD5006EA09F /* Release */ = {
			isa = XCBuildConfiguration;
			buildSettings = {
				ALWAYS_SEARCH_USER_PATHS = NO;
				ASSETCATALOG_COMPILER_GENERATE_SWIFT_ASSET_SYMBOL_EXTENSIONS = YES;
				CLANG_ANALYZER_NONNULL = YES;
				CLANG_ANALYZER_NUMBER_OBJECT_CONVERSION = YES_AGGRESSIVE;
				CLANG_CXX_LANGUAGE_STANDARD = "gnu++20";
				CLANG_ENABLE_MODULES = YES;
				CLANG_ENABLE_OBJC_ARC = YES;
				CLANG_ENABLE_OBJC_WEAK = YES;
				CLANG_WARN_BLOCK_CAPTURE_AUTORELEASING = YES;
				CLANG_WARN_BOOL_CONVERSION = YES;
				CLANG_WARN_COMMA = YES;
				CLANG_WARN_CONSTANT_CONVERSION = YES;
				CLANG_WARN_DEPRECATED_OBJC_IMPLEMENTATIONS = YES;
				CLANG_WARN_DIRECT_OBJC_ISA_USAGE = YES_ERROR;
				CLANG_WARN_DOCUMENTATION_COMMENTS = YES;
				CLANG_WARN_EMPTY_BODY = YES;
				CLANG_WARN_ENUM_CONVERSION = YES;
				CLANG_WARN_INFINITE_RECURSION = YES;
				CLANG_WARN_INT_CONVERSION = YES;
				CLANG_WARN_NON_LITERAL_NULL_CONVERSION = YES;
				CLANG_WARN_OBJC_IMPLICIT_RETAIN_SELF = YES;
				CLANG_WARN_OBJC_LITERAL_CONVERSION = YES;
				CLANG_WARN_OBJC_ROOT_CLASS = YES_ERROR;
				CLANG_WARN_QUOTED_INCLUDE_IN_FRAMEWORK_HEADER = YES;
				CLANG_WARN_RANGE_LOOP_ANALYSIS = YES;
				CLANG_WARN_STRICT_PROTOTYPES = YES;
				CLANG_WARN_SUSPICIOUS_MOVE = YES;
				CLANG_WARN_UNGUARDED_AVAILABILITY = YES_AGGRESSIVE;
				CLANG_WARN_UNREACHABLE_CODE = YES;
				CLANG_WARN__DUPLICATE_METHOD_MATCH = YES;
				COPY_PHASE_STRIP = NO;
				DEBUG_INFORMATION_FORMAT = "dwarf-with-dsym";
				ENABLE_NS_ASSERTIONS = NO;
				ENABLE_STRICT_OBJC_MSGSEND = YES;
				ENABLE_USER_SCRIPT_SANDBOXING = YES;
				GCC_C_LANGUAGE_STANDARD = gnu17;
				GCC_NO_COMMON_BLOCKS = YES;
				GCC_WARN_64_TO_32_BIT_CONVERSION = YES;
				GCC_WARN_ABOUT_RETURN_TYPE = YES_ERROR;
				GCC_WARN_UNDECLARED_SELECTOR = YES;
				GCC_WARN_UNINITIALIZED_AUTOS = YES_AGGRESSIVE;
				GCC_WARN_UNUSED_FUNCTION = YES;
				GCC_WARN_UNUSED_VARIABLE = YES;
				IPHONEOS_DEPLOYMENT_TARGET = 17.0;
				LOCALIZATION_PREFERS_STRING_CATALOGS = YES;
				MTL_ENABLE_DEBUG_INFO = NO;
				MTL_FAST_MATH = YES;
				SDKROOT = iphoneos;
				SWIFT_COMPILATION_MODE = wholemodule;
				VALIDATE_PRODUCT = YES;
			};
			name = Release;
		};
		E2924FE62B027DD5006EA09F /* Debug */ = {
			isa = XCBuildConfiguration;
			buildSettings = {
				ASSETCATALOG_COMPILER_APPICON_NAME = AppIcon;
				ASSETCATALOG_COMPILER_GLOBAL_ACCENT_COLOR_NAME = AccentColor;
				CODE_SIGN_STYLE = Automatic;
				CURRENT_PROJECT_VERSION = 1;
				GENERATE_INFOPLIST_FILE = YES;
				INFOPLIST_FILE = TouchTracker/Info.plist;
				INFOPLIST_KEY_UIApplicationSupportsIndirectInputEvents = YES;
				INFOPLIST_KEY_UILaunchStoryboardName = LaunchScreen;
				INFOPLIST_KEY_UIMainStoryboardFile = Main;
				INFOPLIST_KEY_UISupportedInterfaceOrientations_iPad = "UIInterfaceOrientationPortrait UIInterfaceOrientationPortraitUpsideDown UIInterfaceOrientationLandscapeLeft UIInterfaceOrientationLandscapeRight";
				INFOPLIST_KEY_UISupportedInterfaceOrientations_iPhone = "UIInterfaceOrientationPortrait UIInterfaceOrientationLandscapeLeft UIInterfaceOrientationLandscapeRight";
				LD_RUNPATH_SEARCH_PATHS = (
					"$(inherited)",
					"@executable_path/Frameworks",
				);
				MARKETING_VERSION = 1.0;
				PRODUCT_BUNDLE_IDENTIFIER = myown.TouchTracker;
				PRODUCT_NAME = "$(TARGET_NAME)";
				SWIFT_EMIT_LOC_STRINGS = YES;
				SWIFT_VERSION = 5.0;
				TARGETED_DEVICE_FAMILY = "1,2";
			};
			name = Debug;
		};
		E2924FE72B027DD5006EA09F /* Release */ = {
			isa = XCBuildConfiguration;
			buildSettings = {
				ASSETCATALOG_COMPILER_APPICON_NAME = AppIcon;
				ASSETCATALOG_COMPILER_GLOBAL_ACCENT_COLOR_NAME = AccentColor;
				CODE_SIGN_STYLE = Automatic;
				CURRENT_PROJECT_VERSION = 1;
				GENERATE_INFOPLIST_FILE = YES;
				INFOPLIST_FILE = TouchTracker/Info.plist;
				INFOPLIST_KEY_UIApplicationSupportsIndirectInputEvents = YES;
				INFOPLIST_KEY_UILaunchStoryboardName = LaunchScreen;
				INFOPLIST_KEY_UIMainStoryboardFile = Main;
				INFOPLIST_KEY_UISupportedInterfaceOrientations_iPad = "UIInterfaceOrientationPortrait UIInterfaceOrientationPortraitUpsideDown UIInterfaceOrientationLandscapeLeft UIInterfaceOrientationLandscapeRight";
				INFOPLIST_KEY_UISupportedInterfaceOrientations_iPhone = "UIInterfaceOrientationPortrait UIInterfaceOrientationLandscapeLeft UIInterfaceOrientationLandscapeRight";
				LD_RUNPATH_SEARCH_PATHS = (
					"$(inherited)",
					"@executable_path/Frameworks",
				);
				MARKETING_VERSION = 1.0;
				PRODUCT_BUNDLE_IDENTIFIER = myown.TouchTracker;
				PRODUCT_NAME = "$(TARGET_NAME)";
				SWIFT_EMIT_LOC_STRINGS = YES;
				SWIFT_VERSION = 5.0;
				TARGETED_DEVICE_FAMILY = "1,2";
			};
			name = Release;
		};
		E2924FE92B027DD5006EA09F /* Debug */ = {
			isa = XCBuildConfiguration;
			buildSettings = {
				ALWAYS_EMBED_SWIFT_STANDARD_LIBRARIES = YES;
				BUNDLE_LOADER = "$(TEST_HOST)";
				CODE_SIGN_STYLE = Automatic;
				CURRENT_PROJECT_VERSION = 1;
				GENERATE_INFOPLIST_FILE = YES;
				IPHONEOS_DEPLOYMENT_TARGET = 17.0;
				MARKETING_VERSION = 1.0;
				PRODUCT_BUNDLE_IDENTIFIER = myown.TouchTrackerTests;
				PRODUCT_NAME = "$(TARGET_NAME)";
				SWIFT_EMIT_LOC_STRINGS = NO;
				SWIFT_VERSION = 5.0;
				TARGETED_DEVICE_FAMILY = "1,2";
				TEST_HOST = "$(BUILT_PRODUCTS_DIR)/TouchTracker.app/$(BUNDLE_EXECUTABLE_FOLDER_PATH)/TouchTracker";
			};
			name = Debug;
		};
		E2924FEA2B027DD5006EA09F /* Release */ = {
			isa = XCBuildConfiguration;
			buildSettings = {
				ALWAYS_EMBED_SWIFT_STANDARD_LIBRARIES = YES;
				BUNDLE_LOADER = "$(TEST_HOST)";
				CODE_SIGN_STYLE = Automatic;
				CURRENT_PROJECT_VERSION = 1;
				GENERATE_INFOPLIST_FILE = YES;
				IPHONEOS_DEPLOYMENT_TARGET = 17.0;
				MARKETING_VERSION = 1.0;
				PRODUCT_BUNDLE_IDENTIFIER = myown.TouchTrackerTests;
				PRODUCT_NAME = "$(TARGET_NAME)";
				SWIFT_EMIT_LOC_STRINGS = NO;
				SWIFT_VERSION = 5.0;
				TARGETED_DEVICE_FAMILY = "1,2";
				TEST_HOST = "$(BUILT_PRODUCTS_DIR)/TouchTracker.app/$(BUNDLE_EXECUTABLE_FOLDER_PATH)/TouchTracker";
			};
			name = Release;
		};
		E2924FEC2B027DD5006EA09F /* Debug */ = {
			isa = XCBuildConfiguration;
			buildSettings = {
				ALWAYS_EMBED_SWIFT_STANDARD_LIBRARIES = YES;
				CODE_SIGN_STYLE = Automatic;
				CURRENT_PROJECT_VERSION = 1;
				GENERATE_INFOPLIST_FILE = YES;
				MARKETING_VERSION = 1.0;
				PRODUCT_BUNDLE_IDENTIFIER = myown.TouchTrackerUITests;
				PRODUCT_NAME = "$(TARGET_NAME)";
				SWIFT_EMIT_LOC_STRINGS = NO;
				SWIFT_VERSION = 5.0;
				TARGETED_DEVICE_FAMILY = "1,2";
				TEST_TARGET_NAME = TouchTracker;
			};
			name = Debug;
		};
		E2924FED2B027DD5006EA09F /* Release */ = {
			isa = XCBuildConfiguration;
			buildSettings = {
				ALWAYS_EMBED_SWIFT_STANDARD_LIBRARIES = YES;
				CODE_SIGN_STYLE = Automatic;
				CURRENT_PROJECT_VERSION = 1;
				GENERATE_INFOPLIST_FILE = YES;
				MARKETING_VERSION = 1.0;
				PRODUCT_BUNDLE_IDENTIFIER = myown.TouchTrackerUITests;
				PRODUCT_NAME = "$(TARGET_NAME)";
				SWIFT_EMIT_LOC_STRINGS = NO;
				SWIFT_VERSION = 5.0;
				TARGETED_DEVICE_FAMILY = "1,2";
				TEST_TARGET_NAME = TouchTracker;
			};
			name = Release;
		};
/* End XCBuildConfiguration section */

/* Begin XCConfigurationList section */
		E2924FB62B027DCF006EA09F /* Build configuration list for PBXProject "TouchTracker" */ = {
			isa = XCConfigurationList;
			buildConfigurations = (
				E2924FE32B027DD5006EA09F /* Debug */,
				E2924FE42B027DD5006EA09F /* Release */,
			);
			defaultConfigurationIsVisible = 0;
			defaultConfigurationName = Release;
		};
		E2924FE52B027DD5006EA09F /* Build configuration list for PBXNativeTarget "TouchTracker" */ = {
			isa = XCConfigurationList;
			buildConfigurations = (
				E2924FE62B027DD5006EA09F /* Debug */,
				E2924FE72B027DD5006EA09F /* Release */,
			);
			defaultConfigurationIsVisible = 0;
			defaultConfigurationName = Release;
		};
		E2924FE82B027DD5006EA09F /* Build configuration list for PBXNativeTarget "TouchTrackerTests" */ = {
			isa = XCConfigurationList;
			buildConfigurations = (
				E2924FE92B027DD5006EA09F /* Debug */,
				E2924FEA2B027DD5006EA09F /* Release */,
			);
			defaultConfigurationIsVisible = 0;
			defaultConfigurationName = Release;
		};
		E2924FEB2B027DD5006EA09F /* Build configuration list for PBXNativeTarget "TouchTrackerUITests" */ = {
			isa = XCConfigurationList;
			buildConfigurations = (
				E2924FEC2B027DD5006EA09F /* Debug */,
				E2924FED2B027DD5006EA09F /* Release */,
			);
			defaultConfigurationIsVisible = 0;
			defaultConfigurationName = Release;
		};
/* End XCConfigurationList section */
	};
	rootObject = E2924FB32B027DCF006EA09F /* Project object */;
}
